
Microsoft Visual Studio Solution File, Format Version 12.00
# Visual Studio Version 16
VisualStudioVersion = 16.0.29519.87
MinimumVisualStudioVersion = 10.0.40219.1
Project("{FAE04EC0-301F-11D3-BF4B-00C04F79EFBC}") = "finalWork", "finalWork\finalWork.csproj", "{BBF8E650-E6A4-4832-8134-638D9E85A4BE}"
EndProject
Project("{FAE04EC0-301F-11D3-BF4B-00C04F79EFBC}") = "finalWork.Tests", "finalWork.Tests\finalWork.Tests.csproj", "{5026688A-6233-4409-AC0C-EBC0095962E2}"
EndProject
Global
	GlobalSection(SolutionConfigurationPlatforms) = preSolution
		Debug|Any CPU = Debug|Any CPU
		Release|Any CPU = Release|Any CPU
	EndGlobalSection
	GlobalSection(ProjectConfigurationPlatforms) = postSolution
		{BBF8E650-E6A4-4832-8134-638D9E85A4BE}.Debug|Any CPU.ActiveCfg = Debug|Any CPU
		{BBF8E650-E6A4-4832-8134-638D9E85A4BE}.Debug|Any CPU.Build.0 = Debug|Any CPU
		{BBF8E650-E6A4-4832-8134-638D9E85A4BE}.Release|Any CPU.ActiveCfg = Release|Any CPU
		{BBF8E650-E6A4-4832-8134-638D9E85A4BE}.Release|Any CPU.Build.0 = Release|Any CPU
		{5026688A-6233-4409-AC0C-EBC0095962E2}.Debug|Any CPU.ActiveCfg = Debug|Any CPU
		{5026688A-6233-4409-AC0C-EBC0095962E2}.Debug|Any CPU.Build.0 = Debug|Any CPU
		{5026688A-6233-4409-AC0C-EBC0095962E2}.Release|Any CPU.ActiveCfg = Release|Any CPU
		{5026688A-6233-4409-AC0C-EBC0095962E2}.Release|Any CPU.Build.0 = Release|Any CPU
	EndGlobalSection
	GlobalSection(SolutionProperties) = preSolution
		HideSolutionNode = FALSE
	EndGlobalSection
	GlobalSection(ExtensibilityGlobals) = postSolution
		SolutionGuid = {251F2706-A385-47A5-991A-BA4F103C0FA8}
	EndGlobalSection
EndGlobal
